// !$*UTF8*$!
{
	archiveVersion = 1;
	classes = {
	};
	objectVersion = 52;
	objects = {

/* Begin PBXBuildFile section */
		1416A62724B85CD500A373AC /* AppDelegate.swift in Sources */ = {isa = PBXBuildFile; fileRef = 1416A62624B85CD500A373AC /* AppDelegate.swift */; };
		1416A62924B85CD500A373AC /* SceneDelegate.swift in Sources */ = {isa = PBXBuildFile; fileRef = 1416A62824B85CD500A373AC /* SceneDelegate.swift */; };
		1416A62B24B85CD500A373AC /* ViewController.swift in Sources */ = {isa = PBXBuildFile; fileRef = 1416A62A24B85CD500A373AC /* ViewController.swift */; };
		1416A62E24B85CD500A373AC /* Main.storyboard in Resources */ = {isa = PBXBuildFile; fileRef = 1416A62C24B85CD500A373AC /* Main.storyboard */; };
		1416A63024B85CD700A373AC /* Assets.xcassets in Resources */ = {isa = PBXBuildFile; fileRef = 1416A62F24B85CD700A373AC /* Assets.xcassets */; };
		1416A63324B85CD700A373AC /* LaunchScreen.storyboard in Resources */ = {isa = PBXBuildFile; fileRef = 1416A63124B85CD700A373AC /* LaunchScreen.storyboard */; };
		1416A64724B85D9300A373AC /* NetworkController.swift in Sources */ = {isa = PBXBuildFile; fileRef = 1416A64624B85D9300A373AC /* NetworkController.swift */; };
		1416A64E24B85E1800A373AC /* Models.swift in Sources */ = {isa = PBXBuildFile; fileRef = 1416A64D24B85E1800A373AC /* Models.swift */; };
		1416A65324B8606800A373AC /* Extensions.swift in Sources */ = {isa = PBXBuildFile; fileRef = 1416A65224B8606800A373AC /* Extensions.swift */; };
		1416A65724B8969900A373AC /* GoogleService-Info.plist in Resources */ = {isa = PBXBuildFile; fileRef = 1416A65624B8969800A373AC /* GoogleService-Info.plist */; };
		1416A65924B8D3FF00A373AC /* File.swift in Sources */ = {isa = PBXBuildFile; fileRef = 1416A65824B8D3FF00A373AC /* File.swift */; };
		1416A68724B8FABF00A373AC /* LoginViewController.swift in Sources */ = {isa = PBXBuildFile; fileRef = 1416A68624B8FABF00A373AC /* LoginViewController.swift */; };
		1416A68924B8FAD700A373AC /* RegisterViewController.swift in Sources */ = {isa = PBXBuildFile; fileRef = 1416A68824B8FAD700A373AC /* RegisterViewController.swift */; };
		1416A68B24B90A6B00A373AC /* LevelViewController.swift in Sources */ = {isa = PBXBuildFile; fileRef = 1416A68A24B90A6B00A373AC /* LevelViewController.swift */; };
		1416A68D24B90A9400A373AC /* CourseViewController.swift in Sources */ = {isa = PBXBuildFile; fileRef = 1416A68C24B90A9400A373AC /* CourseViewController.swift */; };
		1416A68F24B90ABD00A373AC /* CollectionViewController.swift in Sources */ = {isa = PBXBuildFile; fileRef = 1416A68E24B90ABD00A373AC /* CollectionViewController.swift */; };
		1416A69124B90BC700A373AC /* GameViewController.swift in Sources */ = {isa = PBXBuildFile; fileRef = 1416A69024B90BC700A373AC /* GameViewController.swift */; };
		1416A69424B90C7800A373AC /* NoseCollectionViewCell.swift in Sources */ = {isa = PBXBuildFile; fileRef = 1416A69224B90C7800A373AC /* NoseCollectionViewCell.swift */; };
		1416A69524B90C7800A373AC /* NoseCollectionViewCell.xib in Resources */ = {isa = PBXBuildFile; fileRef = 1416A69324B90C7800A373AC /* NoseCollectionViewCell.xib */; };
		141FC64B24BA20FD0079BC8D /* books.json in Resources */ = {isa = PBXBuildFile; fileRef = 141FC64A24BA20FD0079BC8D /* books.json */; };
		1422758924B95CF200E80352 /* BookCollectionViewCell.swift in Sources */ = {isa = PBXBuildFile; fileRef = 1422758724B95CF200E80352 /* BookCollectionViewCell.swift */; };
		1422758A24B95CF200E80352 /* BookCollectionViewCell.xib in Resources */ = {isa = PBXBuildFile; fileRef = 1422758824B95CF200E80352 /* BookCollectionViewCell.xib */; };
		1422758D24B9877000E80352 /* PigCardCollectionViewCell.swift in Sources */ = {isa = PBXBuildFile; fileRef = 1422758B24B9877000E80352 /* PigCardCollectionViewCell.swift */; };
		1422758E24B9877000E80352 /* PigCardCollectionViewCell.xib in Resources */ = {isa = PBXBuildFile; fileRef = 1422758C24B9877000E80352 /* PigCardCollectionViewCell.xib */; };
		1422759024B98F2B00E80352 /* InfoViewController.swift in Sources */ = {isa = PBXBuildFile; fileRef = 1422758F24B98F2B00E80352 /* InfoViewController.swift */; };
		1422759224B991FC00E80352 /* QuizViewController.swift in Sources */ = {isa = PBXBuildFile; fileRef = 1422759124B991FC00E80352 /* QuizViewController.swift */; };
		1422759524B9B34500E80352 /* AnswerCollectionViewCell.swift in Sources */ = {isa = PBXBuildFile; fileRef = 1422759324B9B34500E80352 /* AnswerCollectionViewCell.swift */; };
		1422759624B9B34500E80352 /* AnswerCollectionViewCell.xib in Resources */ = {isa = PBXBuildFile; fileRef = 1422759424B9B34500E80352 /* AnswerCollectionViewCell.xib */; };
		1422759B24B9E70F00E80352 /* CourseDetailVC.swift in Sources */ = {isa = PBXBuildFile; fileRef = 1422759A24B9E70F00E80352 /* CourseDetailVC.swift */; };
		142275A124B9F95200E80352 /* CollectionDetailVC.swift in Sources */ = {isa = PBXBuildFile; fileRef = 142275A024B9F95200E80352 /* CollectionDetailVC.swift */; };
		14330FC724BF1C9800C8D28D /* FacebookShare in Frameworks */ = {isa = PBXBuildFile; productRef = 14330FC624BF1C9800C8D28D /* FacebookShare */; };
		14330FC924BF1C9800C8D28D /* FacebookLogin in Frameworks */ = {isa = PBXBuildFile; productRef = 14330FC824BF1C9800C8D28D /* FacebookLogin */; };
		14330FCB24BF42FB00C8D28D /* InfoTableViewCell.swift in Sources */ = {isa = PBXBuildFile; fileRef = 14330FCA24BF42FB00C8D28D /* InfoTableViewCell.swift */; };
		14330FCE24BF43F700C8D28D /* FavoriteTableViewCell.swift in Sources */ = {isa = PBXBuildFile; fileRef = 14330FCC24BF43F700C8D28D /* FavoriteTableViewCell.swift */; };
		14330FCF24BF43F700C8D28D /* FavoriteTableViewCell.xib in Resources */ = {isa = PBXBuildFile; fileRef = 14330FCD24BF43F700C8D28D /* FavoriteTableViewCell.xib */; };
		14330FD124BF46E700C8D28D /* CodedTableViewCell.swift in Sources */ = {isa = PBXBuildFile; fileRef = 14330FD024BF46E700C8D28D /* CodedTableViewCell.swift */; };
		14330FF324BF6BDA00C8D28D /* favorites2.json in Resources */ = {isa = PBXBuildFile; fileRef = 14330FF224BF6BD900C8D28D /* favorites2.json */; };
		14330FF524BF6BE000C8D28D /* favorites.json in Resources */ = {isa = PBXBuildFile; fileRef = 14330FF424BF6BE000C8D28D /* favorites.json */; };
		144DB78E24C3577600AFE110 /* ModifyInfoAlertView.swift in Sources */ = {isa = PBXBuildFile; fileRef = 144DB78C24C3577600AFE110 /* ModifyInfoAlertView.swift */; };
		144DB79124C357AD00AFE110 /* ModifyInfoAlertView.storyboard in Resources */ = {isa = PBXBuildFile; fileRef = 144DB79024C357AD00AFE110 /* ModifyInfoAlertView.storyboard */; };
		1453FA4324C02B540083686D /* MyTapBarViewController.swift in Sources */ = {isa = PBXBuildFile; fileRef = 1453FA4224C02B540083686D /* MyTapBarViewController.swift */; };
		146A404924C72E5000C83DDE /* ResetPasswordVC.swift in Sources */ = {isa = PBXBuildFile; fileRef = 146A404824C72E5000C83DDE /* ResetPasswordVC.swift */; };
		146A404B24C76E5700C83DDE /* ResetNewPasswordVC.swift in Sources */ = {isa = PBXBuildFile; fileRef = 146A404A24C76E5700C83DDE /* ResetNewPasswordVC.swift */; };
		1489A45A24BB71620032AB17 /* pig.json in Resources */ = {isa = PBXBuildFile; fileRef = 1489A45924BB71620032AB17 /* pig.json */; };
		1489A46024BB755E0032AB17 /* QuestionTableViewCell.swift in Sources */ = {isa = PBXBuildFile; fileRef = 1489A45E24BB755E0032AB17 /* QuestionTableViewCell.swift */; };
		1489A46124BB755E0032AB17 /* QuestionTableViewCell.xib in Resources */ = {isa = PBXBuildFile; fileRef = 1489A45F24BB755E0032AB17 /* QuestionTableViewCell.xib */; };
		1489A46424BB758E0032AB17 /* AnswerTableViewCell.swift in Sources */ = {isa = PBXBuildFile; fileRef = 1489A46224BB758E0032AB17 /* AnswerTableViewCell.swift */; };
		1489A46524BB758E0032AB17 /* AnswerTableViewCell.xib in Resources */ = {isa = PBXBuildFile; fileRef = 1489A46324BB758E0032AB17 /* AnswerTableViewCell.xib */; };
		1489A46824BB75A90032AB17 /* AllAnswersCollectionViewCell.swift in Sources */ = {isa = PBXBuildFile; fileRef = 1489A46624BB75A90032AB17 /* AllAnswersCollectionViewCell.swift */; };
		1489A46924BB75A90032AB17 /* AllAnswersCollectionViewCell.xib in Resources */ = {isa = PBXBuildFile; fileRef = 1489A46724BB75A90032AB17 /* AllAnswersCollectionViewCell.xib */; };
		1489A46B24BB7E500032AB17 /* GameView.swift in Sources */ = {isa = PBXBuildFile; fileRef = 1489A46A24BB7E500032AB17 /* GameView.swift */; };
		148EE82F24C9948F0036A349 /* CardDetailAlert.storyboard in Resources */ = {isa = PBXBuildFile; fileRef = 148EE82E24C9948F0036A349 /* CardDetailAlert.storyboard */; };
		148EE83324C99DD80036A349 /* CardDetailAlert.swift in Sources */ = {isa = PBXBuildFile; fileRef = 148EE83224C99DD80036A349 /* CardDetailAlert.swift */; };
		14BAB7D524BDD647000194B5 /* AlertViewController.swift in Sources */ = {isa = PBXBuildFile; fileRef = 14BAB7D424BDD647000194B5 /* AlertViewController.swift */; };
		14BAB7D724BDEED8000194B5 /* LoginAlert.storyboard in Resources */ = {isa = PBXBuildFile; fileRef = 14BAB7D624BDEED8000194B5 /* LoginAlert.storyboard */; };
		14BAB7D924BDF1B3000194B5 /* LoginAlertViewController.swift in Sources */ = {isa = PBXBuildFile; fileRef = 14BAB7D824BDF1B3000194B5 /* LoginAlertViewController.swift */; };
		14EFCA8424BC46DE00B83AA7 /* DataManager.swift in Sources */ = {isa = PBXBuildFile; fileRef = 14EFCA8324BC46DE00B83AA7 /* DataManager.swift */; };
		14EFCAF624BCD6CC00B83AA7 /* clock.json in Resources */ = {isa = PBXBuildFile; fileRef = 14EFCAF524BCD6CB00B83AA7 /* clock.json */; };
		14EFCAF824BD131200B83AA7 /* heartclock.json in Resources */ = {isa = PBXBuildFile; fileRef = 14EFCAF724BD131200B83AA7 /* heartclock.json */; };
		14EFCAFC24BD822600B83AA7 /* AlertStoryboard.storyboard in Resources */ = {isa = PBXBuildFile; fileRef = 14EFCAFB24BD822600B83AA7 /* AlertStoryboard.storyboard */; };
		14EFCB0224BDA60A00B83AA7 /* AlertService.swift in Sources */ = {isa = PBXBuildFile; fileRef = 14EFCB0124BDA60A00B83AA7 /* AlertService.swift */; };
		14F5912524C469AC00DAFE30 /* Modify.storyboard in Resources */ = {isa = PBXBuildFile; fileRef = 14F5912424C469AC00DAFE30 /* Modify.storyboard */; };
		14F5912724C469E200DAFE30 /* Modify.swift in Sources */ = {isa = PBXBuildFile; fileRef = 14F5912624C469E200DAFE30 /* Modify.swift */; };
		14F5912924C47D6500DAFE30 /* ModifyVC.swift in Sources */ = {isa = PBXBuildFile; fileRef = 14F5912824C47D6500DAFE30 /* ModifyVC.swift */; };
		29FEE1902610063C3A44676D /* Pods_RichPigAction4.framework in Frameworks */ = {isa = PBXBuildFile; fileRef = D83679279B37BBA3285F4E68 /* Pods_RichPigAction4.framework */; };
/* End PBXBuildFile section */

/* Begin PBXFileReference section */
		1416A62324B85CD500A373AC /* RichPigAction4.app */ = {isa = PBXFileReference; explicitFileType = wrapper.application; includeInIndex = 0; path = RichPigAction4.app; sourceTree = BUILT_PRODUCTS_DIR; };
		1416A62624B85CD500A373AC /* AppDelegate.swift */ = {isa = PBXFileReference; lastKnownFileType = sourcecode.swift; path = AppDelegate.swift; sourceTree = "<group>"; };
		1416A62824B85CD500A373AC /* SceneDelegate.swift */ = {isa = PBXFileReference; lastKnownFileType = sourcecode.swift; path = SceneDelegate.swift; sourceTree = "<group>"; };
		1416A62A24B85CD500A373AC /* ViewController.swift */ = {isa = PBXFileReference; lastKnownFileType = sourcecode.swift; path = ViewController.swift; sourceTree = "<group>"; };
		1416A62D24B85CD500A373AC /* Base */ = {isa = PBXFileReference; lastKnownFileType = file.storyboard; name = Base; path = Base.lproj/Main.storyboard; sourceTree = "<group>"; };
		1416A62F24B85CD700A373AC /* Assets.xcassets */ = {isa = PBXFileReference; lastKnownFileType = folder.assetcatalog; path = Assets.xcassets; sourceTree = "<group>"; };
		1416A63224B85CD700A373AC /* Base */ = {isa = PBXFileReference; lastKnownFileType = file.storyboard; name = Base; path = Base.lproj/LaunchScreen.storyboard; sourceTree = "<group>"; };
		1416A63424B85CD700A373AC /* Info.plist */ = {isa = PBXFileReference; lastKnownFileType = text.plist.xml; path = Info.plist; sourceTree = "<group>"; };
		1416A64624B85D9300A373AC /* NetworkController.swift */ = {isa = PBXFileReference; lastKnownFileType = sourcecode.swift; path = NetworkController.swift; sourceTree = "<group>"; };
		1416A64D24B85E1800A373AC /* Models.swift */ = {isa = PBXFileReference; lastKnownFileType = sourcecode.swift; path = Models.swift; sourceTree = "<group>"; };
		1416A65224B8606800A373AC /* Extensions.swift */ = {isa = PBXFileReference; lastKnownFileType = sourcecode.swift; path = Extensions.swift; sourceTree = "<group>"; };
		1416A65624B8969800A373AC /* GoogleService-Info.plist */ = {isa = PBXFileReference; fileEncoding = 4; lastKnownFileType = text.plist.xml; path = "GoogleService-Info.plist"; sourceTree = "<group>"; };
		1416A65824B8D3FF00A373AC /* File.swift */ = {isa = PBXFileReference; lastKnownFileType = sourcecode.swift; path = File.swift; sourceTree = "<group>"; };
		1416A68624B8FABF00A373AC /* LoginViewController.swift */ = {isa = PBXFileReference; lastKnownFileType = sourcecode.swift; path = LoginViewController.swift; sourceTree = "<group>"; };
		1416A68824B8FAD700A373AC /* RegisterViewController.swift */ = {isa = PBXFileReference; lastKnownFileType = sourcecode.swift; path = RegisterViewController.swift; sourceTree = "<group>"; };
		1416A68A24B90A6B00A373AC /* LevelViewController.swift */ = {isa = PBXFileReference; lastKnownFileType = sourcecode.swift; path = LevelViewController.swift; sourceTree = "<group>"; };
		1416A68C24B90A9400A373AC /* CourseViewController.swift */ = {isa = PBXFileReference; lastKnownFileType = sourcecode.swift; path = CourseViewController.swift; sourceTree = "<group>"; };
		1416A68E24B90ABD00A373AC /* CollectionViewController.swift */ = {isa = PBXFileReference; lastKnownFileType = sourcecode.swift; path = CollectionViewController.swift; sourceTree = "<group>"; };
		1416A69024B90BC700A373AC /* GameViewController.swift */ = {isa = PBXFileReference; lastKnownFileType = sourcecode.swift; path = GameViewController.swift; sourceTree = "<group>"; };
		1416A69224B90C7800A373AC /* NoseCollectionViewCell.swift */ = {isa = PBXFileReference; lastKnownFileType = sourcecode.swift; path = NoseCollectionViewCell.swift; sourceTree = "<group>"; };
		1416A69324B90C7800A373AC /* NoseCollectionViewCell.xib */ = {isa = PBXFileReference; lastKnownFileType = file.xib; path = NoseCollectionViewCell.xib; sourceTree = "<group>"; };
		141FC64A24BA20FD0079BC8D /* books.json */ = {isa = PBXFileReference; fileEncoding = 4; lastKnownFileType = text.json; path = books.json; sourceTree = "<group>"; };
		1422758724B95CF200E80352 /* BookCollectionViewCell.swift */ = {isa = PBXFileReference; lastKnownFileType = sourcecode.swift; path = BookCollectionViewCell.swift; sourceTree = "<group>"; };
		1422758824B95CF200E80352 /* BookCollectionViewCell.xib */ = {isa = PBXFileReference; lastKnownFileType = file.xib; path = BookCollectionViewCell.xib; sourceTree = "<group>"; };
		1422758B24B9877000E80352 /* PigCardCollectionViewCell.swift */ = {isa = PBXFileReference; lastKnownFileType = sourcecode.swift; path = PigCardCollectionViewCell.swift; sourceTree = "<group>"; };
		1422758C24B9877000E80352 /* PigCardCollectionViewCell.xib */ = {isa = PBXFileReference; lastKnownFileType = file.xib; path = PigCardCollectionViewCell.xib; sourceTree = "<group>"; };
		1422758F24B98F2B00E80352 /* InfoViewController.swift */ = {isa = PBXFileReference; lastKnownFileType = sourcecode.swift; path = InfoViewController.swift; sourceTree = "<group>"; };
		1422759124B991FC00E80352 /* QuizViewController.swift */ = {isa = PBXFileReference; lastKnownFileType = sourcecode.swift; path = QuizViewController.swift; sourceTree = "<group>"; };
		1422759324B9B34500E80352 /* AnswerCollectionViewCell.swift */ = {isa = PBXFileReference; lastKnownFileType = sourcecode.swift; path = AnswerCollectionViewCell.swift; sourceTree = "<group>"; };
		1422759424B9B34500E80352 /* AnswerCollectionViewCell.xib */ = {isa = PBXFileReference; lastKnownFileType = file.xib; path = AnswerCollectionViewCell.xib; sourceTree = "<group>"; };
		1422759A24B9E70F00E80352 /* CourseDetailVC.swift */ = {isa = PBXFileReference; lastKnownFileType = sourcecode.swift; path = CourseDetailVC.swift; sourceTree = "<group>"; };
		142275A024B9F95200E80352 /* CollectionDetailVC.swift */ = {isa = PBXFileReference; lastKnownFileType = sourcecode.swift; path = CollectionDetailVC.swift; sourceTree = "<group>"; };
		14330FCA24BF42FB00C8D28D /* InfoTableViewCell.swift */ = {isa = PBXFileReference; lastKnownFileType = sourcecode.swift; path = InfoTableViewCell.swift; sourceTree = "<group>"; };
		14330FCC24BF43F700C8D28D /* FavoriteTableViewCell.swift */ = {isa = PBXFileReference; lastKnownFileType = sourcecode.swift; path = FavoriteTableViewCell.swift; sourceTree = "<group>"; };
		14330FCD24BF43F700C8D28D /* FavoriteTableViewCell.xib */ = {isa = PBXFileReference; lastKnownFileType = file.xib; path = FavoriteTableViewCell.xib; sourceTree = "<group>"; };
		14330FD024BF46E700C8D28D /* CodedTableViewCell.swift */ = {isa = PBXFileReference; lastKnownFileType = sourcecode.swift; path = CodedTableViewCell.swift; sourceTree = "<group>"; };
		14330FF224BF6BD900C8D28D /* favorites2.json */ = {isa = PBXFileReference; fileEncoding = 4; lastKnownFileType = text.json; path = favorites2.json; sourceTree = "<group>"; };
		14330FF424BF6BE000C8D28D /* favorites.json */ = {isa = PBXFileReference; fileEncoding = 4; lastKnownFileType = text.json; path = favorites.json; sourceTree = "<group>"; };
		144DB78C24C3577600AFE110 /* ModifyInfoAlertView.swift */ = {isa = PBXFileReference; lastKnownFileType = sourcecode.swift; path = ModifyInfoAlertView.swift; sourceTree = "<group>"; };
		144DB79024C357AD00AFE110 /* ModifyInfoAlertView.storyboard */ = {isa = PBXFileReference; lastKnownFileType = file.storyboard; path = ModifyInfoAlertView.storyboard; sourceTree = "<group>"; };
		1453FA4224C02B540083686D /* MyTapBarViewController.swift */ = {isa = PBXFileReference; lastKnownFileType = sourcecode.swift; path = MyTapBarViewController.swift; sourceTree = "<group>"; };
		146A404824C72E5000C83DDE /* ResetPasswordVC.swift */ = {isa = PBXFileReference; lastKnownFileType = sourcecode.swift; path = ResetPasswordVC.swift; sourceTree = "<group>"; };
		146A404A24C76E5700C83DDE /* ResetNewPasswordVC.swift */ = {isa = PBXFileReference; lastKnownFileType = sourcecode.swift; path = ResetNewPasswordVC.swift; sourceTree = "<group>"; };
		1489A45924BB71620032AB17 /* pig.json */ = {isa = PBXFileReference; fileEncoding = 4; lastKnownFileType = text.json; path = pig.json; sourceTree = "<group>"; };
		1489A45E24BB755E0032AB17 /* QuestionTableViewCell.swift */ = {isa = PBXFileReference; lastKnownFileType = sourcecode.swift; path = QuestionTableViewCell.swift; sourceTree = "<group>"; };
		1489A45F24BB755E0032AB17 /* QuestionTableViewCell.xib */ = {isa = PBXFileReference; lastKnownFileType = file.xib; path = QuestionTableViewCell.xib; sourceTree = "<group>"; };
		1489A46224BB758E0032AB17 /* AnswerTableViewCell.swift */ = {isa = PBXFileReference; lastKnownFileType = sourcecode.swift; path = AnswerTableViewCell.swift; sourceTree = "<group>"; };
		1489A46324BB758E0032AB17 /* AnswerTableViewCell.xib */ = {isa = PBXFileReference; lastKnownFileType = file.xib; path = AnswerTableViewCell.xib; sourceTree = "<group>"; };
		1489A46624BB75A90032AB17 /* AllAnswersCollectionViewCell.swift */ = {isa = PBXFileReference; lastKnownFileType = sourcecode.swift; path = AllAnswersCollectionViewCell.swift; sourceTree = "<group>"; };
		1489A46724BB75A90032AB17 /* AllAnswersCollectionViewCell.xib */ = {isa = PBXFileReference; lastKnownFileType = file.xib; path = AllAnswersCollectionViewCell.xib; sourceTree = "<group>"; };
		1489A46A24BB7E500032AB17 /* GameView.swift */ = {isa = PBXFileReference; lastKnownFileType = sourcecode.swift; path = GameView.swift; sourceTree = "<group>"; };
		148EE82E24C9948F0036A349 /* CardDetailAlert.storyboard */ = {isa = PBXFileReference; lastKnownFileType = file.storyboard; path = CardDetailAlert.storyboard; sourceTree = "<group>"; };
		148EE83224C99DD80036A349 /* CardDetailAlert.swift */ = {isa = PBXFileReference; lastKnownFileType = sourcecode.swift; path = CardDetailAlert.swift; sourceTree = "<group>"; };
		14BAB7D424BDD647000194B5 /* AlertViewController.swift */ = {isa = PBXFileReference; lastKnownFileType = sourcecode.swift; path = AlertViewController.swift; sourceTree = "<group>"; };
		14BAB7D624BDEED8000194B5 /* LoginAlert.storyboard */ = {isa = PBXFileReference; lastKnownFileType = file.storyboard; path = LoginAlert.storyboard; sourceTree = "<group>"; };
		14BAB7D824BDF1B3000194B5 /* LoginAlertViewController.swift */ = {isa = PBXFileReference; lastKnownFileType = sourcecode.swift; path = LoginAlertViewController.swift; sourceTree = "<group>"; };
		14EFCA8324BC46DE00B83AA7 /* DataManager.swift */ = {isa = PBXFileReference; lastKnownFileType = sourcecode.swift; path = DataManager.swift; sourceTree = "<group>"; };
		14EFCAF524BCD6CB00B83AA7 /* clock.json */ = {isa = PBXFileReference; fileEncoding = 4; lastKnownFileType = text.json; path = clock.json; sourceTree = "<group>"; };
		14EFCAF724BD131200B83AA7 /* heartclock.json */ = {isa = PBXFileReference; fileEncoding = 4; lastKnownFileType = text.json; path = heartclock.json; sourceTree = "<group>"; };
		14EFCAFB24BD822600B83AA7 /* AlertStoryboard.storyboard */ = {isa = PBXFileReference; lastKnownFileType = file.storyboard; path = AlertStoryboard.storyboard; sourceTree = "<group>"; };
		14EFCB0124BDA60A00B83AA7 /* AlertService.swift */ = {isa = PBXFileReference; lastKnownFileType = sourcecode.swift; path = AlertService.swift; sourceTree = "<group>"; };
		14F5912424C469AC00DAFE30 /* Modify.storyboard */ = {isa = PBXFileReference; lastKnownFileType = file.storyboard; path = Modify.storyboard; sourceTree = "<group>"; };
		14F5912624C469E200DAFE30 /* Modify.swift */ = {isa = PBXFileReference; lastKnownFileType = sourcecode.swift; path = Modify.swift; sourceTree = "<group>"; };
		14F5912824C47D6500DAFE30 /* ModifyVC.swift */ = {isa = PBXFileReference; lastKnownFileType = sourcecode.swift; path = ModifyVC.swift; sourceTree = "<group>"; };
		CCE1D86C36BFEED944B17CA2 /* Pods-RichPigAction4.debug.xcconfig */ = {isa = PBXFileReference; includeInIndex = 1; lastKnownFileType = text.xcconfig; name = "Pods-RichPigAction4.debug.xcconfig"; path = "Target Support Files/Pods-RichPigAction4/Pods-RichPigAction4.debug.xcconfig"; sourceTree = "<group>"; };
		D83679279B37BBA3285F4E68 /* Pods_RichPigAction4.framework */ = {isa = PBXFileReference; explicitFileType = wrapper.framework; includeInIndex = 0; path = Pods_RichPigAction4.framework; sourceTree = BUILT_PRODUCTS_DIR; };
		D9E3AAEA2D4A027347215C52 /* Pods-RichPigAction4.release.xcconfig */ = {isa = PBXFileReference; includeInIndex = 1; lastKnownFileType = text.xcconfig; name = "Pods-RichPigAction4.release.xcconfig"; path = "Target Support Files/Pods-RichPigAction4/Pods-RichPigAction4.release.xcconfig"; sourceTree = "<group>"; };
/* End PBXFileReference section */

/* Begin PBXFrameworksBuildPhase section */
		1416A62024B85CD500A373AC /* Frameworks */ = {
			isa = PBXFrameworksBuildPhase;
			buildActionMask = 2147483647;
			files = (
				14330FC724BF1C9800C8D28D /* FacebookShare in Frameworks */,
				29FEE1902610063C3A44676D /* Pods_RichPigAction4.framework in Frameworks */,
				14330FC924BF1C9800C8D28D /* FacebookLogin in Frameworks */,
			);
			runOnlyForDeploymentPostprocessing = 0;
		};
/* End PBXFrameworksBuildPhase section */

/* Begin PBXGroup section */
		0D1276CB8B2E003E0FF842F6 /* Frameworks */ = {
			isa = PBXGroup;
			children = (
				D83679279B37BBA3285F4E68 /* Pods_RichPigAction4.framework */,
			);
			name = Frameworks;
			sourceTree = "<group>";
		};
		1416A61A24B85CD500A373AC = {
			isa = PBXGroup;
			children = (
				1416A62524B85CD500A373AC /* RichPigAction4 */,
				1416A62424B85CD500A373AC /* Products */,
				1DE98DFEB01E6B68D2F4730B /* Pods */,
				0D1276CB8B2E003E0FF842F6 /* Frameworks */,
			);
			sourceTree = "<group>";
		};
		1416A62424B85CD500A373AC /* Products */ = {
			isa = PBXGroup;
			children = (
				1416A62324B85CD500A373AC /* RichPigAction4.app */,
			);
			name = Products;
			sourceTree = "<group>";
		};
		1416A62524B85CD500A373AC /* RichPigAction4 */ = {
			isa = PBXGroup;
			children = (
				1489A45B24BB71DF0032AB17 /* storyboards */,
				141FC64A24BA20FD0079BC8D /* books.json */,
				14EFCAF724BD131200B83AA7 /* heartclock.json */,
				1489A45924BB71620032AB17 /* pig.json */,
				14EFCAF524BCD6CB00B83AA7 /* clock.json */,
				14330FF224BF6BD900C8D28D /* favorites2.json */,
				14330FF424BF6BE000C8D28D /* favorites.json */,
				1416A65624B8969800A373AC /* GoogleService-Info.plist */,
				1416A65124B8605600A373AC /* Resources */,
				1416A64C24B85DFA00A373AC /* Models */,
				1416A63B24B85D1D00A373AC /* Utils */,
				1416A63A24B85D1600A373AC /* Controllers */,
				1416A62A24B85CD500A373AC /* ViewController.swift */,
				1416A62F24B85CD700A373AC /* Assets.xcassets */,
				1416A63124B85CD700A373AC /* LaunchScreen.storyboard */,
				1416A63424B85CD700A373AC /* Info.plist */,
			);
			path = RichPigAction4;
			sourceTree = "<group>";
		};
		1416A63A24B85D1600A373AC /* Controllers */ = {
			isa = PBXGroup;
			children = (
				1422759C24B9EA3B00E80352 /* Login */,
				1422759D24B9EA4E00E80352 /* Quiz */,
				1422759E24B9EA5F00E80352 /* Course */,
				1422759F24B9F50700E80352 /* Collection */,
				1422758F24B98F2B00E80352 /* InfoViewController.swift */,
				14F5912824C47D6500DAFE30 /* ModifyVC.swift */,
			);
			path = Controllers;
			sourceTree = "<group>";
		};
		1416A63B24B85D1D00A373AC /* Utils */ = {
			isa = PBXGroup;
			children = (
				1416A64624B85D9300A373AC /* NetworkController.swift */,
				14EFCA8324BC46DE00B83AA7 /* DataManager.swift */,
			);
			path = Utils;
			sourceTree = "<group>";
		};
		1416A64C24B85DFA00A373AC /* Models */ = {
			isa = PBXGroup;
			children = (
				1416A64D24B85E1800A373AC /* Models.swift */,
				1416A65824B8D3FF00A373AC /* File.swift */,
				1416A69224B90C7800A373AC /* NoseCollectionViewCell.swift */,
				1416A69324B90C7800A373AC /* NoseCollectionViewCell.xib */,
				1422758724B95CF200E80352 /* BookCollectionViewCell.swift */,
				1422758824B95CF200E80352 /* BookCollectionViewCell.xib */,
				1422758B24B9877000E80352 /* PigCardCollectionViewCell.swift */,
				1422758C24B9877000E80352 /* PigCardCollectionViewCell.xib */,
				1422759324B9B34500E80352 /* AnswerCollectionViewCell.swift */,
				1422759424B9B34500E80352 /* AnswerCollectionViewCell.xib */,
				1489A45E24BB755E0032AB17 /* QuestionTableViewCell.swift */,
				1489A45F24BB755E0032AB17 /* QuestionTableViewCell.xib */,
				1489A46224BB758E0032AB17 /* AnswerTableViewCell.swift */,
				1489A46324BB758E0032AB17 /* AnswerTableViewCell.xib */,
				1489A46624BB75A90032AB17 /* AllAnswersCollectionViewCell.swift */,
				1489A46724BB75A90032AB17 /* AllAnswersCollectionViewCell.xib */,
				14330FCA24BF42FB00C8D28D /* InfoTableViewCell.swift */,
				14330FCC24BF43F700C8D28D /* FavoriteTableViewCell.swift */,
				14330FCD24BF43F700C8D28D /* FavoriteTableViewCell.xib */,
				14330FD024BF46E700C8D28D /* CodedTableViewCell.swift */,
			);
			path = Models;
			sourceTree = "<group>";
		};
		1416A65124B8605600A373AC /* Resources */ = {
			isa = PBXGroup;
			children = (
				1416A65224B8606800A373AC /* Extensions.swift */,
				1416A62624B85CD500A373AC /* AppDelegate.swift */,
				1416A62824B85CD500A373AC /* SceneDelegate.swift */,
			);
			path = Resources;
			sourceTree = "<group>";
		};
		1422759C24B9EA3B00E80352 /* Login */ = {
			isa = PBXGroup;
			children = (
				1416A68624B8FABF00A373AC /* LoginViewController.swift */,
				1416A68824B8FAD700A373AC /* RegisterViewController.swift */,
				146A404824C72E5000C83DDE /* ResetPasswordVC.swift */,
				146A404A24C76E5700C83DDE /* ResetNewPasswordVC.swift */,
				1453FA4224C02B540083686D /* MyTapBarViewController.swift */,
			);
			path = Login;
			sourceTree = "<group>";
		};
		1422759D24B9EA4E00E80352 /* Quiz */ = {
			isa = PBXGroup;
			children = (
				1416A68A24B90A6B00A373AC /* LevelViewController.swift */,
				1422759124B991FC00E80352 /* QuizViewController.swift */,
				1416A69024B90BC700A373AC /* GameViewController.swift */,
				1489A46A24BB7E500032AB17 /* GameView.swift */,
			);
			path = Quiz;
			sourceTree = "<group>";
		};
		1422759E24B9EA5F00E80352 /* Course */ = {
			isa = PBXGroup;
			children = (
				1416A68C24B90A9400A373AC /* CourseViewController.swift */,
				1422759A24B9E70F00E80352 /* CourseDetailVC.swift */,
			);
			path = Course;
			sourceTree = "<group>";
		};
		1422759F24B9F50700E80352 /* Collection */ = {
			isa = PBXGroup;
			children = (
				1416A68E24B90ABD00A373AC /* CollectionViewController.swift */,
				142275A024B9F95200E80352 /* CollectionDetailVC.swift */,
			);
			path = Collection;
			sourceTree = "<group>";
		};
		1489A45B24BB71DF0032AB17 /* storyboards */ = {
			isa = PBXGroup;
			children = (
				1416A62C24B85CD500A373AC /* Main.storyboard */,
				14EFCB0124BDA60A00B83AA7 /* AlertService.swift */,
				14BAB7D424BDD647000194B5 /* AlertViewController.swift */,
				14BAB7D824BDF1B3000194B5 /* LoginAlertViewController.swift */,
				14EFCAFB24BD822600B83AA7 /* AlertStoryboard.storyboard */,
				14BAB7D624BDEED8000194B5 /* LoginAlert.storyboard */,
				144DB78C24C3577600AFE110 /* ModifyInfoAlertView.swift */,
				144DB79024C357AD00AFE110 /* ModifyInfoAlertView.storyboard */,
				14F5912424C469AC00DAFE30 /* Modify.storyboard */,
				14F5912624C469E200DAFE30 /* Modify.swift */,
				148EE83224C99DD80036A349 /* CardDetailAlert.swift */,
				148EE82E24C9948F0036A349 /* CardDetailAlert.storyboard */,
			);
			path = storyboards;
			sourceTree = "<group>";
		};
		1DE98DFEB01E6B68D2F4730B /* Pods */ = {
			isa = PBXGroup;
			children = (
				CCE1D86C36BFEED944B17CA2 /* Pods-RichPigAction4.debug.xcconfig */,
				D9E3AAEA2D4A027347215C52 /* Pods-RichPigAction4.release.xcconfig */,
			);
			path = Pods;
			sourceTree = "<group>";
		};
/* End PBXGroup section */

/* Begin PBXNativeTarget section */
		1416A62224B85CD500A373AC /* RichPigAction4 */ = {
			isa = PBXNativeTarget;
			buildConfigurationList = 1416A63724B85CD700A373AC /* Build configuration list for PBXNativeTarget "RichPigAction4" */;
			buildPhases = (
				26360587BADA0C20437C563F /* [CP] Check Pods Manifest.lock */,
				1416A61F24B85CD500A373AC /* Sources */,
				1416A62024B85CD500A373AC /* Frameworks */,
				1416A62124B85CD500A373AC /* Resources */,
				03EB4CFAAABF6110758417F8 /* [CP] Embed Pods Frameworks */,
			);
			buildRules = (
			);
			dependencies = (
			);
			name = RichPigAction4;
			packageProductDependencies = (
				14330FC624BF1C9800C8D28D /* FacebookShare */,
				14330FC824BF1C9800C8D28D /* FacebookLogin */,
			);
			productName = RichPigAction4;
			productReference = 1416A62324B85CD500A373AC /* RichPigAction4.app */;
			productType = "com.apple.product-type.application";
		};
/* End PBXNativeTarget section */

/* Begin PBXProject section */
		1416A61B24B85CD500A373AC /* Project object */ = {
			isa = PBXProject;
			attributes = {
				LastSwiftUpdateCheck = 1150;
				LastUpgradeCheck = 1150;
				ORGANIZATIONNAME = cheng;
				TargetAttributes = {
					1416A62224B85CD500A373AC = {
						CreatedOnToolsVersion = 11.5;
					};
				};
			};
			buildConfigurationList = 1416A61E24B85CD500A373AC /* Build configuration list for PBXProject "RichPigAction4" */;
			compatibilityVersion = "Xcode 9.3";
			developmentRegion = en;
			hasScannedForEncodings = 0;
			knownRegions = (
				en,
				Base,
			);
			mainGroup = 1416A61A24B85CD500A373AC;
			packageReferences = (
				14330FC524BF1C9800C8D28D /* XCRemoteSwiftPackageReference "facebook-ios-sdk" */,
			);
			productRefGroup = 1416A62424B85CD500A373AC /* Products */;
			projectDirPath = "";
			projectRoot = "";
			targets = (
				1416A62224B85CD500A373AC /* RichPigAction4 */,
			);
		};
/* End PBXProject section */

/* Begin PBXResourcesBuildPhase section */
		1416A62124B85CD500A373AC /* Resources */ = {
			isa = PBXResourcesBuildPhase;
			buildActionMask = 2147483647;
			files = (
				14F5912524C469AC00DAFE30 /* Modify.storyboard in Resources */,
				14EFCAFC24BD822600B83AA7 /* AlertStoryboard.storyboard in Resources */,
				14EFCAF624BCD6CC00B83AA7 /* clock.json in Resources */,
				1416A63324B85CD700A373AC /* LaunchScreen.storyboard in Resources */,
				1489A46924BB75A90032AB17 /* AllAnswersCollectionViewCell.xib in Resources */,
				148EE82F24C9948F0036A349 /* CardDetailAlert.storyboard in Resources */,
				144DB79124C357AD00AFE110 /* ModifyInfoAlertView.storyboard in Resources */,
				1422758E24B9877000E80352 /* PigCardCollectionViewCell.xib in Resources */,
				14330FCF24BF43F700C8D28D /* FavoriteTableViewCell.xib in Resources */,
				1422758A24B95CF200E80352 /* BookCollectionViewCell.xib in Resources */,
				1489A46524BB758E0032AB17 /* AnswerTableViewCell.xib in Resources */,
				141FC64B24BA20FD0079BC8D /* books.json in Resources */,
				14330FF524BF6BE000C8D28D /* favorites.json in Resources */,
				1416A65724B8969900A373AC /* GoogleService-Info.plist in Resources */,
				1422759624B9B34500E80352 /* AnswerCollectionViewCell.xib in Resources */,
				14EFCAF824BD131200B83AA7 /* heartclock.json in Resources */,
				14BAB7D724BDEED8000194B5 /* LoginAlert.storyboard in Resources */,
				1416A63024B85CD700A373AC /* Assets.xcassets in Resources */,
				1489A46124BB755E0032AB17 /* QuestionTableViewCell.xib in Resources */,
				1416A69524B90C7800A373AC /* NoseCollectionViewCell.xib in Resources */,
				14330FF324BF6BDA00C8D28D /* favorites2.json in Resources */,
				1489A45A24BB71620032AB17 /* pig.json in Resources */,
				1416A62E24B85CD500A373AC /* Main.storyboard in Resources */,
			);
			runOnlyForDeploymentPostprocessing = 0;
		};
/* End PBXResourcesBuildPhase section */

/* Begin PBXShellScriptBuildPhase section */
		03EB4CFAAABF6110758417F8 /* [CP] Embed Pods Frameworks */ = {
			isa = PBXShellScriptBuildPhase;
			buildActionMask = 2147483647;
			files = (
			);
			inputFileListPaths = (
				"${PODS_ROOT}/Target Support Files/Pods-RichPigAction4/Pods-RichPigAction4-frameworks-${CONFIGURATION}-input-files.xcfilelist",
			);
			name = "[CP] Embed Pods Frameworks";
			outputFileListPaths = (
				"${PODS_ROOT}/Target Support Files/Pods-RichPigAction4/Pods-RichPigAction4-frameworks-${CONFIGURATION}-output-files.xcfilelist",
			);
			runOnlyForDeploymentPostprocessing = 0;
			shellPath = /bin/sh;
			shellScript = "\"${PODS_ROOT}/Target Support Files/Pods-RichPigAction4/Pods-RichPigAction4-frameworks.sh\"\n";
			showEnvVarsInLog = 0;
		};
		26360587BADA0C20437C563F /* [CP] Check Pods Manifest.lock */ = {
			isa = PBXShellScriptBuildPhase;
			buildActionMask = 2147483647;
			files = (
			);
			inputFileListPaths = (
			);
			inputPaths = (
				"${PODS_PODFILE_DIR_PATH}/Podfile.lock",
				"${PODS_ROOT}/Manifest.lock",
			);
			name = "[CP] Check Pods Manifest.lock";
			outputFileListPaths = (
			);
			outputPaths = (
				"$(DERIVED_FILE_DIR)/Pods-RichPigAction4-checkManifestLockResult.txt",
			);
			runOnlyForDeploymentPostprocessing = 0;
			shellPath = /bin/sh;
			shellScript = "diff \"${PODS_PODFILE_DIR_PATH}/Podfile.lock\" \"${PODS_ROOT}/Manifest.lock\" > /dev/null\nif [ $? != 0 ] ; then\n    # print error to STDERR\n    echo \"error: The sandbox is not in sync with the Podfile.lock. Run 'pod install' or update your CocoaPods installation.\" >&2\n    exit 1\nfi\n# This output is used by Xcode 'outputs' to avoid re-running this script phase.\necho \"SUCCESS\" > \"${SCRIPT_OUTPUT_FILE_0}\"\n";
			showEnvVarsInLog = 0;
		};
/* End PBXShellScriptBuildPhase section */

/* Begin PBXSourcesBuildPhase section */
		1416A61F24B85CD500A373AC /* Sources */ = {
			isa = PBXSourcesBuildPhase;
			buildActionMask = 2147483647;
			files = (
				1416A68924B8FAD700A373AC /* RegisterViewController.swift in Sources */,
				1416A68F24B90ABD00A373AC /* CollectionViewController.swift in Sources */,
				1416A68B24B90A6B00A373AC /* LevelViewController.swift in Sources */,
				1422758924B95CF200E80352 /* BookCollectionViewCell.swift in Sources */,
				1416A64E24B85E1800A373AC /* Models.swift in Sources */,
				1416A69124B90BC700A373AC /* GameViewController.swift in Sources */,
				1416A62B24B85CD500A373AC /* ViewController.swift in Sources */,
				1489A46424BB758E0032AB17 /* AnswerTableViewCell.swift in Sources */,
				14EFCB0224BDA60A00B83AA7 /* AlertService.swift in Sources */,
				14BAB7D924BDF1B3000194B5 /* LoginAlertViewController.swift in Sources */,
				1416A65924B8D3FF00A373AC /* File.swift in Sources */,
				1422759B24B9E70F00E80352 /* CourseDetailVC.swift in Sources */,
				14F5912724C469E200DAFE30 /* Modify.swift in Sources */,
				1422759024B98F2B00E80352 /* InfoViewController.swift in Sources */,
				14F5912924C47D6500DAFE30 /* ModifyVC.swift in Sources */,
				144DB78E24C3577600AFE110 /* ModifyInfoAlertView.swift in Sources */,
				146A404B24C76E5700C83DDE /* ResetNewPasswordVC.swift in Sources */,
				14EFCA8424BC46DE00B83AA7 /* DataManager.swift in Sources */,
				146A404924C72E5000C83DDE /* ResetPasswordVC.swift in Sources */,
				14330FCE24BF43F700C8D28D /* FavoriteTableViewCell.swift in Sources */,
				1416A68724B8FABF00A373AC /* LoginViewController.swift in Sources */,
				1489A46024BB755E0032AB17 /* QuestionTableViewCell.swift in Sources */,
				14BAB7D524BDD647000194B5 /* AlertViewController.swift in Sources */,
				1416A65324B8606800A373AC /* Extensions.swift in Sources */,
				1489A46B24BB7E500032AB17 /* GameView.swift in Sources */,
				148EE83324C99DD80036A349 /* CardDetailAlert.swift in Sources */,
				1422759524B9B34500E80352 /* AnswerCollectionViewCell.swift in Sources */,
				1453FA4324C02B540083686D /* MyTapBarViewController.swift in Sources */,
				14330FD124BF46E700C8D28D /* CodedTableViewCell.swift in Sources */,
				1416A68D24B90A9400A373AC /* CourseViewController.swift in Sources */,
				14330FCB24BF42FB00C8D28D /* InfoTableViewCell.swift in Sources */,
				1489A46824BB75A90032AB17 /* AllAnswersCollectionViewCell.swift in Sources */,
				1422758D24B9877000E80352 /* PigCardCollectionViewCell.swift in Sources */,
				1416A62724B85CD500A373AC /* AppDelegate.swift in Sources */,
				1416A62924B85CD500A373AC /* SceneDelegate.swift in Sources */,
				142275A124B9F95200E80352 /* CollectionDetailVC.swift in Sources */,
				1422759224B991FC00E80352 /* QuizViewController.swift in Sources */,
				1416A64724B85D9300A373AC /* NetworkController.swift in Sources */,
				1416A69424B90C7800A373AC /* NoseCollectionViewCell.swift in Sources */,
			);
			runOnlyForDeploymentPostprocessing = 0;
		};
/* End PBXSourcesBuildPhase section */

/* Begin PBXVariantGroup section */
		1416A62C24B85CD500A373AC /* Main.storyboard */ = {
			isa = PBXVariantGroup;
			children = (
				1416A62D24B85CD500A373AC /* Base */,
			);
			name = Main.storyboard;
			sourceTree = "<group>";
		};
		1416A63124B85CD700A373AC /* LaunchScreen.storyboard */ = {
			isa = PBXVariantGroup;
			children = (
				1416A63224B85CD700A373AC /* Base */,
			);
			name = LaunchScreen.storyboard;
			sourceTree = "<group>";
		};
/* End PBXVariantGroup section */

/* Begin XCBuildConfiguration section */
		1416A63524B85CD700A373AC /* Debug */ = {
			isa = XCBuildConfiguration;
			buildSettings = {
				ALWAYS_SEARCH_USER_PATHS = NO;
				CLANG_ANALYZER_NONNULL = YES;
				CLANG_ANALYZER_NUMBER_OBJECT_CONVERSION = YES_AGGRESSIVE;
				CLANG_CXX_LANGUAGE_STANDARD = "gnu++14";
				CLANG_CXX_LIBRARY = "libc++";
				CLANG_ENABLE_MODULES = YES;
				CLANG_ENABLE_OBJC_ARC = YES;
				CLANG_ENABLE_OBJC_WEAK = YES;
				CLANG_WARN_BLOCK_CAPTURE_AUTORELEASING = YES;
				CLANG_WARN_BOOL_CONVERSION = YES;
				CLANG_WARN_COMMA = YES;
				CLANG_WARN_CONSTANT_CONVERSION = YES;
				CLANG_WARN_DEPRECATED_OBJC_IMPLEMENTATIONS = YES;
				CLANG_WARN_DIRECT_OBJC_ISA_USAGE = YES_ERROR;
				CLANG_WARN_DOCUMENTATION_COMMENTS = YES;
				CLANG_WARN_EMPTY_BODY = YES;
				CLANG_WARN_ENUM_CONVERSION = YES;
				CLANG_WARN_INFINITE_RECURSION = YES;
				CLANG_WARN_INT_CONVERSION = YES;
				CLANG_WARN_NON_LITERAL_NULL_CONVERSION = YES;
				CLANG_WARN_OBJC_IMPLICIT_RETAIN_SELF = YES;
				CLANG_WARN_OBJC_LITERAL_CONVERSION = YES;
				CLANG_WARN_OBJC_ROOT_CLASS = YES_ERROR;
				CLANG_WARN_RANGE_LOOP_ANALYSIS = YES;
				CLANG_WARN_STRICT_PROTOTYPES = YES;
				CLANG_WARN_SUSPICIOUS_MOVE = YES;
				CLANG_WARN_UNGUARDED_AVAILABILITY = YES_AGGRESSIVE;
				CLANG_WARN_UNREACHABLE_CODE = YES;
				CLANG_WARN__DUPLICATE_METHOD_MATCH = YES;
				COPY_PHASE_STRIP = NO;
				DEBUG_INFORMATION_FORMAT = dwarf;
				ENABLE_STRICT_OBJC_MSGSEND = YES;
				ENABLE_TESTABILITY = YES;
				GCC_C_LANGUAGE_STANDARD = gnu11;
				GCC_DYNAMIC_NO_PIC = NO;
				GCC_NO_COMMON_BLOCKS = YES;
				GCC_OPTIMIZATION_LEVEL = 0;
				GCC_PREPROCESSOR_DEFINITIONS = (
					"DEBUG=1",
					"$(inherited)",
				);
				GCC_WARN_64_TO_32_BIT_CONVERSION = YES;
				GCC_WARN_ABOUT_RETURN_TYPE = YES_ERROR;
				GCC_WARN_UNDECLARED_SELECTOR = YES;
				GCC_WARN_UNINITIALIZED_AUTOS = YES_AGGRESSIVE;
				GCC_WARN_UNUSED_FUNCTION = YES;
				GCC_WARN_UNUSED_VARIABLE = YES;
				IPHONEOS_DEPLOYMENT_TARGET = 13.5;
				MTL_ENABLE_DEBUG_INFO = INCLUDE_SOURCE;
				MTL_FAST_MATH = YES;
				ONLY_ACTIVE_ARCH = YES;
				SDKROOT = iphoneos;
				SWIFT_ACTIVE_COMPILATION_CONDITIONS = DEBUG;
				SWIFT_OPTIMIZATION_LEVEL = "-Onone";
			};
			name = Debug;
		};
		1416A63624B85CD700A373AC /* Release */ = {
			isa = XCBuildConfiguration;
			buildSettings = {
				ALWAYS_SEARCH_USER_PATHS = NO;
				CLANG_ANALYZER_NONNULL = YES;
				CLANG_ANALYZER_NUMBER_OBJECT_CONVERSION = YES_AGGRESSIVE;
				CLANG_CXX_LANGUAGE_STANDARD = "gnu++14";
				CLANG_CXX_LIBRARY = "libc++";
				CLANG_ENABLE_MODULES = YES;
				CLANG_ENABLE_OBJC_ARC = YES;
				CLANG_ENABLE_OBJC_WEAK = YES;
				CLANG_WARN_BLOCK_CAPTURE_AUTORELEASING = YES;
				CLANG_WARN_BOOL_CONVERSION = YES;
				CLANG_WARN_COMMA = YES;
				CLANG_WARN_CONSTANT_CONVERSION = YES;
				CLANG_WARN_DEPRECATED_OBJC_IMPLEMENTATIONS = YES;
				CLANG_WARN_DIRECT_OBJC_ISA_USAGE = YES_ERROR;
				CLANG_WARN_DOCUMENTATION_COMMENTS = YES;
				CLANG_WARN_EMPTY_BODY = YES;
				CLANG_WARN_ENUM_CONVERSION = YES;
				CLANG_WARN_INFINITE_RECURSION = YES;
				CLANG_WARN_INT_CONVERSION = YES;
				CLANG_WARN_NON_LITERAL_NULL_CONVERSION = YES;
				CLANG_WARN_OBJC_IMPLICIT_RETAIN_SELF = YES;
				CLANG_WARN_OBJC_LITERAL_CONVERSION = YES;
				CLANG_WARN_OBJC_ROOT_CLASS = YES_ERROR;
				CLANG_WARN_RANGE_LOOP_ANALYSIS = YES;
				CLANG_WARN_STRICT_PROTOTYPES = YES;
				CLANG_WARN_SUSPICIOUS_MOVE = YES;
				CLANG_WARN_UNGUARDED_AVAILABILITY = YES_AGGRESSIVE;
				CLANG_WARN_UNREACHABLE_CODE = YES;
				CLANG_WARN__DUPLICATE_METHOD_MATCH = YES;
				COPY_PHASE_STRIP = NO;
				DEBUG_INFORMATION_FORMAT = "dwarf-with-dsym";
				ENABLE_NS_ASSERTIONS = NO;
				ENABLE_STRICT_OBJC_MSGSEND = YES;
				GCC_C_LANGUAGE_STANDARD = gnu11;
				GCC_NO_COMMON_BLOCKS = YES;
				GCC_WARN_64_TO_32_BIT_CONVERSION = YES;
				GCC_WARN_ABOUT_RETURN_TYPE = YES_ERROR;
				GCC_WARN_UNDECLARED_SELECTOR = YES;
				GCC_WARN_UNINITIALIZED_AUTOS = YES_AGGRESSIVE;
				GCC_WARN_UNUSED_FUNCTION = YES;
				GCC_WARN_UNUSED_VARIABLE = YES;
				IPHONEOS_DEPLOYMENT_TARGET = 13.5;
				MTL_ENABLE_DEBUG_INFO = NO;
				MTL_FAST_MATH = YES;
				SDKROOT = iphoneos;
				SWIFT_COMPILATION_MODE = wholemodule;
				SWIFT_OPTIMIZATION_LEVEL = "-O";
				VALIDATE_PRODUCT = YES;
			};
			name = Release;
		};
		1416A63824B85CD700A373AC /* Debug */ = {
			isa = XCBuildConfiguration;
			baseConfigurationReference = CCE1D86C36BFEED944B17CA2 /* Pods-RichPigAction4.debug.xcconfig */;
			buildSettings = {
				ASSETCATALOG_COMPILER_APPICON_NAME = AppIcon;
				CODE_SIGN_IDENTITY = "Apple Development";
				CODE_SIGN_STYLE = Automatic;
				DEVELOPMENT_TEAM = KL5CQ7DQYA;
				INFOPLIST_FILE = RichPigAction4/Info.plist;
				LD_RUNPATH_SEARCH_PATHS = (
					"$(inherited)",
					"@executable_path/Frameworks",
				);
				PRODUCT_BUNDLE_IDENTIFIER = CMoney.RichPigAction4;
				PRODUCT_NAME = "$(TARGET_NAME)";
				PROVISIONING_PROFILE_SPECIFIER = "";
				SWIFT_VERSION = 5.0;
				TARGETED_DEVICE_FAMILY = 1;
			};
			name = Debug;
		};
		1416A63924B85CD700A373AC /* Release */ = {
			isa = XCBuildConfiguration;
			baseConfigurationReference = D9E3AAEA2D4A027347215C52 /* Pods-RichPigAction4.release.xcconfig */;
			buildSettings = {
				ASSETCATALOG_COMPILER_APPICON_NAME = AppIcon;
				CODE_SIGN_IDENTITY = "Apple Development";
				CODE_SIGN_STYLE = Automatic;
				DEVELOPMENT_TEAM = KL5CQ7DQYA;
				INFOPLIST_FILE = RichPigAction4/Info.plist;
				LD_RUNPATH_SEARCH_PATHS = (
					"$(inherited)",
					"@executable_path/Frameworks",
				);
				PRODUCT_BUNDLE_IDENTIFIER = CMoney.RichPigAction4;
				PRODUCT_NAME = "$(TARGET_NAME)";
				PROVISIONING_PROFILE_SPECIFIER = "";
				SWIFT_VERSION = 5.0;
				TARGETED_DEVICE_FAMILY = 1;
			};
			name = Release;
		};
/* End XCBuildConfiguration section */

/* Begin XCConfigurationList section */
		1416A61E24B85CD500A373AC /* Build configuration list for PBXProject "RichPigAction4" */ = {
			isa = XCConfigurationList;
			buildConfigurations = (
				1416A63524B85CD700A373AC /* Debug */,
				1416A63624B85CD700A373AC /* Release */,
			);
			defaultConfigurationIsVisible = 0;
			defaultConfigurationName = Release;
		};
		1416A63724B85CD700A373AC /* Build configuration list for PBXNativeTarget "RichPigAction4" */ = {
			isa = XCConfigurationList;
			buildConfigurations = (
				1416A63824B85CD700A373AC /* Debug */,
				1416A63924B85CD700A373AC /* Release */,
			);
			defaultConfigurationIsVisible = 0;
			defaultConfigurationName = Release;
		};
/* End XCConfigurationList section */

/* Begin XCRemoteSwiftPackageReference section */
		14330FC524BF1C9800C8D28D /* XCRemoteSwiftPackageReference "facebook-ios-sdk" */ = {
			isa = XCRemoteSwiftPackageReference;
			repositoryURL = "https://github.com/facebook/facebook-ios-sdk";
			requirement = {
				kind = upToNextMajorVersion;
				minimumVersion = 7.1.1;
			};
		};
/* End XCRemoteSwiftPackageReference section */

/* Begin XCSwiftPackageProductDependency section */
		14330FC624BF1C9800C8D28D /* FacebookShare */ = {
			isa = XCSwiftPackageProductDependency;
			package = 14330FC524BF1C9800C8D28D /* XCRemoteSwiftPackageReference "facebook-ios-sdk" */;
			productName = FacebookShare;
		};
		14330FC824BF1C9800C8D28D /* FacebookLogin */ = {
			isa = XCSwiftPackageProductDependency;
			package = 14330FC524BF1C9800C8D28D /* XCRemoteSwiftPackageReference "facebook-ios-sdk" */;
			productName = FacebookLogin;
		};
/* End XCSwiftPackageProductDependency section */
	};
	rootObject = 1416A61B24B85CD500A373AC /* Project object */;
}
